
Microsoft Visual Studio Solution File, Format Version 12.00
# Visual Studio Version 17
VisualStudioVersion = 17.0.32014.148
MinimumVisualStudioVersion = 10.0.40219.1
Project("{9A19103F-16F7-4668-BE54-9A1E7A4F7556}") = "lab10", "lab10.csproj", "{A06ADC39-4A61-450A-B27E-89E630D989E1}"
EndProject
Project("{FAE04EC0-301F-11D3-BF4B-00C04F79EFBC}") = "ClassLibrary1", "..\ClassLibrary1\ClassLibrary1.csproj", "{3C3449D5-9BA3-4B43-AEFC-53DDDEE6B22F}"
EndProject
Global
	GlobalSection(SolutionConfigurationPlatforms) = preSolution
		Debug|Any CPU = Debug|Any CPU
		Release|Any CPU = Release|Any CPU
	EndGlobalSection
	GlobalSection(ProjectConfigurationPlatforms) = postSolution
		{A06ADC39-4A61-450A-B27E-89E630D989E1}.Debug|Any CPU.ActiveCfg = Debug|Any CPU
		{A06ADC39-4A61-450A-B27E-89E630D989E1}.Debug|Any CPU.Build.0 = Debug|Any CPU
		{A06ADC39-4A61-450A-B27E-89E630D989E1}.Release|Any CPU.ActiveCfg = Release|Any CPU
		{A06ADC39-4A61-450A-B27E-89E630D989E1}.Release|Any CPU.Build.0 = Release|Any CPU
		{3C3449D5-9BA3-4B43-AEFC-53DDDEE6B22F}.Debug|Any CPU.ActiveCfg = Debug|Any CPU
		{3C3449D5-9BA3-4B43-AEFC-53DDDEE6B22F}.Debug|Any CPU.Build.0 = Debug|Any CPU
		{3C3449D5-9BA3-4B43-AEFC-53DDDEE6B22F}.Release|Any CPU.ActiveCfg = Release|Any CPU
		{3C3449D5-9BA3-4B43-AEFC-53DDDEE6B22F}.Release|Any CPU.Build.0 = Release|Any CPU
	EndGlobalSection
	GlobalSection(SolutionProperties) = preSolution
		HideSolutionNode = FALSE
	EndGlobalSection
	GlobalSection(ExtensibilityGlobals) = postSolution
		SolutionGuid = {439B6DB9-4750-44DF-93DD-840AC8E1005A}
	EndGlobalSection
EndGlobal
